Microsoft Visual Studio Solution File, Format Version 12.00
# Visual Studio Version 16
VisualStudioVersion = 16.0.31321.278
MinimumVisualStudioVersion = 10.0.40219.1
Project("{FAE04EC0-301F-11D3-BF4B-00C04F79EFBC}") = "ADCollector", "ADCollector\ADCollector.csproj", "{EAC94F7D-9A81-4040-8425-B93B1A29DCA0}"
EndProject
Global
	GlobalSection(SolutionConfigurationPlatforms) = preSolution
		Debug|Any CPU = Debug|Any CPU
		Release|Any CPU = Release|Any CPU
	EndGlobalSection
	GlobalSection(ProjectConfigurationPlatforms) = postSolution
		{EAC94F7D-9A81-4040-8425-B93B1A29DCA0}.Debug|Any CPU.ActiveCfg = Debug|Any CPU
		{EAC94F7D-9A81-4040-8425-B93B1A29DCA0}.Debug|Any CPU.Build.0 = Debug|Any CPU
		{EAC94F7D-9A81-4040-8425-B93B1A29DCA0}.Release|Any CPU.ActiveCfg = Release|Any CPU
		{EAC94F7D-9A81-4040-8425-B93B1A29DCA0}.Release|Any CPU.Build.0 = Release|Any CPU
	EndGlobalSection
	GlobalSection(SolutionProperties) = preSolution
		HideSolutionNode = FALSE
	EndGlobalSection
	GlobalSection(ExtensibilityGlobals) = postSolution
		SolutionGuid = {A7CC595E-6D84-4F17-ADBF-E901BADD084C}
	EndGlobalSection
EndGlobal
